
Microsoft Visual Studio Solution File, Format Version 12.00
# Visual Studio Version 16
VisualStudioVersion = 16.0.29505.209
MinimumVisualStudioVersion = 10.0.40219.1
Project("{FAE04EC0-301F-11D3-BF4B-00C04F79EFBC}") = "DummyLibrary.iOS", "DummyLibrary.iOS\DummyLibrary.iOS.csproj", "{0F5F2B20-F8F0-4E85-845A-CA3B90BB9C7B}"
EndProject
Project("{9A19103F-16F7-4668-BE54-9A1E7A4F7556}") = "DummyLibrary.NetStandard", "DummyLibrary.NetStandard\DummyLibrary.NetStandard.csproj", "{177808E0-B444-4672-8179-69321FF63B3B}"
EndProject
Project("{FAE04EC0-301F-11D3-BF4B-00C04F79EFBC}") = "DummyLibrary.Android", "DummyLibrary.Android\DummyLibrary.Android.csproj", "{7962520B-BF49-4C5B-84FB-47E55BBABB94}"
EndProject
Global
	GlobalSection(SolutionConfigurationPlatforms) = preSolution
		Debug|Any CPU = Debug|Any CPU
		Release|Any CPU = Release|Any CPU
	EndGlobalSection
	GlobalSection(ProjectConfigurationPlatforms) = postSolution
		{0F5F2B20-F8F0-4E85-845A-CA3B90BB9C7B}.Debug|Any CPU.ActiveCfg = Debug|Any CPU
		{0F5F2B20-F8F0-4E85-845A-CA3B90BB9C7B}.Debug|Any CPU.Build.0 = Debug|Any CPU
		{0F5F2B20-F8F0-4E85-845A-CA3B90BB9C7B}.Release|Any CPU.ActiveCfg = Release|Any CPU
		{0F5F2B20-F8F0-4E85-845A-CA3B90BB9C7B}.Release|Any CPU.Build.0 = Release|Any CPU
		{177808E0-B444-4672-8179-69321FF63B3B}.Debug|Any CPU.ActiveCfg = Debug|Any CPU
		{177808E0-B444-4672-8179-69321FF63B3B}.Debug|Any CPU.Build.0 = Debug|Any CPU
		{177808E0-B444-4672-8179-69321FF63B3B}.Release|Any CPU.ActiveCfg = Release|Any CPU
		{177808E0-B444-4672-8179-69321FF63B3B}.Release|Any CPU.Build.0 = Release|Any CPU
		{7962520B-BF49-4C5B-84FB-47E55BBABB94}.Debug|Any CPU.ActiveCfg = Debug|Any CPU
		{7962520B-BF49-4C5B-84FB-47E55BBABB94}.Debug|Any CPU.Build.0 = Debug|Any CPU
		{7962520B-BF49-4C5B-84FB-47E55BBABB94}.Release|Any CPU.ActiveCfg = Release|Any CPU
		{7962520B-BF49-4C5B-84FB-47E55BBABB94}.Release|Any CPU.Build.0 = Release|Any CPU
	EndGlobalSection
	GlobalSection(SolutionProperties) = preSolution
		HideSolutionNode = FALSE
	EndGlobalSection
	GlobalSection(ExtensibilityGlobals) = postSolution
		SolutionGuid = {D1BCD623-085A-4849-AE0F-5D4DA4B899C8}
	EndGlobalSection
EndGlobal
